// !$*UTF8*$!
{
	archiveVersion = 1;
	classes = {
	};
	objectVersion = 52;
	objects = {

/* Begin PBXBuildFile section */
		90A738E726BF6D6900851B2A /* AppDelegate.swift in Sources */ = {isa = PBXBuildFile; fileRef = 90A738E626BF6D6900851B2A /* AppDelegate.swift */; };
		90A738E926BF6D6900851B2A /* SceneDelegate.swift in Sources */ = {isa = PBXBuildFile; fileRef = 90A738E826BF6D6900851B2A /* SceneDelegate.swift */; };
		90A738EB26BF6D6900851B2A /* ViewController.swift in Sources */ = {isa = PBXBuildFile; fileRef = 90A738EA26BF6D6900851B2A /* ViewController.swift */; };
		90A738EE26BF6D6900851B2A /* Main.storyboard in Resources */ = {isa = PBXBuildFile; fileRef = 90A738EC26BF6D6900851B2A /* Main.storyboard */; };
		90A738F026BF6D6A00851B2A /* Assets.xcassets in Resources */ = {isa = PBXBuildFile; fileRef = 90A738EF26BF6D6A00851B2A /* Assets.xcassets */; };
		90A738F326BF6D6A00851B2A /* LaunchScreen.storyboard in Resources */ = {isa = PBXBuildFile; fileRef = 90A738F126BF6D6A00851B2A /* LaunchScreen.storyboard */; };
		90A738FC26BF6DE800851B2A /* DynamicHeightCollectionViewFlowLayout.swift in Sources */ = {isa = PBXBuildFile; fileRef = 90A738FB26BF6DE800851B2A /* DynamicHeightCollectionViewFlowLayout.swift */; };
		90A738FF26BF73EF00851B2A /* SnapKit in Frameworks */ = {isa = PBXBuildFile; productRef = 90A738FE26BF73EF00851B2A /* SnapKit */; };
		90A7390126BF746100851B2A /* DynamicHeightCollectionViewCell.swift in Sources */ = {isa = PBXBuildFile; fileRef = 90A7390026BF746100851B2A /* DynamicHeightCollectionViewCell.swift */; };
/* End PBXBuildFile section */

/* Begin PBXFileReference section */
		90A738E326BF6D6900851B2A /* HMDynamicCollectionViewHeightSample.app */ = {isa = PBXFileReference; explicitFileType = wrapper.application; includeInIndex = 0; path = HMDynamicCollectionViewHeightSample.app; sourceTree = BUILT_PRODUCTS_DIR; };
		90A738E626BF6D6900851B2A /* AppDelegate.swift */ = {isa = PBXFileReference; lastKnownFileType = sourcecode.swift; path = AppDelegate.swift; sourceTree = "<group>"; };
		90A738E826BF6D6900851B2A /* SceneDelegate.swift */ = {isa = PBXFileReference; lastKnownFileType = sourcecode.swift; path = SceneDelegate.swift; sourceTree = "<group>"; };
		90A738EA26BF6D6900851B2A /* ViewController.swift */ = {isa = PBXFileReference; lastKnownFileType = sourcecode.swift; path = ViewController.swift; sourceTree = "<group>"; };
		90A738ED26BF6D6900851B2A /* Base */ = {isa = PBXFileReference; lastKnownFileType = file.storyboard; name = Base; path = Base.lproj/Main.storyboard; sourceTree = "<group>"; };
		90A738EF26BF6D6A00851B2A /* Assets.xcassets */ = {isa = PBXFileReference; lastKnownFileType = folder.assetcatalog; path = Assets.xcassets; sourceTree = "<group>"; };
		90A738F226BF6D6A00851B2A /* Base */ = {isa = PBXFileReference; lastKnownFileType = file.storyboard; name = Base; path = Base.lproj/LaunchScreen.storyboard; sourceTree = "<group>"; };
		90A738F426BF6D6A00851B2A /* Info.plist */ = {isa = PBXFileReference; lastKnownFileType = text.plist.xml; path = Info.plist; sourceTree = "<group>"; };
		90A738FB26BF6DE800851B2A /* DynamicHeightCollectionViewFlowLayout.swift */ = {isa = PBXFileReference; lastKnownFileType = sourcecode.swift; path = DynamicHeightCollectionViewFlowLayout.swift; sourceTree = "<group>"; };
		90A7390026BF746100851B2A /* DynamicHeightCollectionViewCell.swift */ = {isa = PBXFileReference; lastKnownFileType = sourcecode.swift; path = DynamicHeightCollectionViewCell.swift; sourceTree = "<group>"; };
/* End PBXFileReference section */

/* Begin PBXFrameworksBuildPhase section */
		90A738E026BF6D6900851B2A /* Frameworks */ = {
			isa = PBXFrameworksBuildPhase;
			buildActionMask = 2147483647;
			files = (
				90A738FF26BF73EF00851B2A /* SnapKit in Frameworks */,
			);
			runOnlyForDeploymentPostprocessing = 0;
		};
/* End PBXFrameworksBuildPhase section */

/* Begin PBXGroup section */
		90A738DA26BF6D6900851B2A = {
			isa = PBXGroup;
			children = (
				90A738E526BF6D6900851B2A /* HMDynamicCollectionViewHeightSample */,
				90A738E426BF6D6900851B2A /* Products */,
			);
			sourceTree = "<group>";
		};
		90A738E426BF6D6900851B2A /* Products */ = {
			isa = PBXGroup;
			children = (
				90A738E326BF6D6900851B2A /* HMDynamicCollectionViewHeightSample.app */,
			);
			name = Products;
			sourceTree = "<group>";
		};
		90A738E526BF6D6900851B2A /* HMDynamicCollectionViewHeightSample */ = {
			isa = PBXGroup;
			children = (
				90A738FA26BF6D9B00851B2A /* DynamicHeightCollectionViewComponent */,
				90A738E626BF6D6900851B2A /* AppDelegate.swift */,
				90A738E826BF6D6900851B2A /* SceneDelegate.swift */,
				90A738EA26BF6D6900851B2A /* ViewController.swift */,
				90A738EC26BF6D6900851B2A /* Main.storyboard */,
				90A738EF26BF6D6A00851B2A /* Assets.xcassets */,
				90A738F126BF6D6A00851B2A /* LaunchScreen.storyboard */,
				90A738F426BF6D6A00851B2A /* Info.plist */,
			);
			path = HMDynamicCollectionViewHeightSample;
			sourceTree = "<group>";
		};
		90A738FA26BF6D9B00851B2A /* DynamicHeightCollectionViewComponent */ = {
			isa = PBXGroup;
			children = (
				90A738FB26BF6DE800851B2A /* DynamicHeightCollectionViewFlowLayout.swift */,
				90A7390026BF746100851B2A /* DynamicHeightCollectionViewCell.swift */,
			);
			path = DynamicHeightCollectionViewComponent;
			sourceTree = "<group>";
		};
/* End PBXGroup section */

/* Begin PBXNativeTarget section */
		90A738E226BF6D6900851B2A /* HMDynamicCollectionViewHeightSample */ = {
			isa = PBXNativeTarget;
			buildConfigurationList = 90A738F726BF6D6A00851B2A /* Build configuration list for PBXNativeTarget "HMDynamicCollectionViewHeightSample" */;
			buildPhases = (
				90A738DF26BF6D6900851B2A /* Sources */,
				90A738E026BF6D6900851B2A /* Frameworks */,
				90A738E126BF6D6900851B2A /* Resources */,
			);
			buildRules = (
			);
			dependencies = (
			);
			name = HMDynamicCollectionViewHeightSample;
			packageProductDependencies = (
				90A738FE26BF73EF00851B2A /* SnapKit */,
			);
			productName = HMDynamicCollectionViewHeightSample;
			productReference = 90A738E326BF6D6900851B2A /* HMDynamicCollectionViewHeightSample.app */;
			productType = "com.apple.product-type.application";
		};
/* End PBXNativeTarget section */

/* Begin PBXProject section */
		90A738DB26BF6D6900851B2A /* Project object */ = {
			isa = PBXProject;
			attributes = {
				LastSwiftUpdateCheck = 1250;
				LastUpgradeCheck = 1250;
				TargetAttributes = {
					90A738E226BF6D6900851B2A = {
						CreatedOnToolsVersion = 12.5.1;
					};
				};
			};
			buildConfigurationList = 90A738DE26BF6D6900851B2A /* Build configuration list for PBXProject "HMDynamicCollectionViewHeightSample" */;
			compatibilityVersion = "Xcode 9.3";
			developmentRegion = en;
			hasScannedForEncodings = 0;
			knownRegions = (
				en,
				Base,
			);
			mainGroup = 90A738DA26BF6D6900851B2A;
			packageReferences = (
				90A738FD26BF73EF00851B2A /* XCRemoteSwiftPackageReference "SnapKit" */,
			);
			productRefGroup = 90A738E426BF6D6900851B2A /* Products */;
			projectDirPath = "";
			projectRoot = "";
			targets = (
				90A738E226BF6D6900851B2A /* HMDynamicCollectionViewHeightSample */,
			);
		};
/* End PBXProject section */

/* Begin PBXResourcesBuildPhase section */
		90A738E126BF6D6900851B2A /* Resources */ = {
			isa = PBXResourcesBuildPhase;
			buildActionMask = 2147483647;
			files = (
				90A738F326BF6D6A00851B2A /* LaunchScreen.storyboard in Resources */,
				90A738F026BF6D6A00851B2A /* Assets.xcassets in Resources */,
				90A738EE26BF6D6900851B2A /* Main.storyboard in Resources */,
			);
			runOnlyForDeploymentPostprocessing = 0;
		};
/* End PBXResourcesBuildPhase section */

/* Begin PBXSourcesBuildPhase section */
		90A738DF26BF6D6900851B2A /* Sources */ = {
			isa = PBXSourcesBuildPhase;
			buildActionMask = 2147483647;
			files = (
				90A7390126BF746100851B2A /* DynamicHeightCollectionViewCell.swift in Sources */,
				90A738EB26BF6D6900851B2A /* ViewController.swift in Sources */,
				90A738FC26BF6DE800851B2A /* DynamicHeightCollectionViewFlowLayout.swift in Sources */,
				90A738E726BF6D6900851B2A /* AppDelegate.swift in Sources */,
				90A738E926BF6D6900851B2A /* SceneDelegate.swift in Sources */,
			);
			runOnlyForDeploymentPostprocessing = 0;
		};
/* End PBXSourcesBuildPhase section */

/* Begin PBXVariantGroup section */
		90A738EC26BF6D6900851B2A /* Main.storyboard */ = {
			isa = PBXVariantGroup;
			children = (
				90A738ED26BF6D6900851B2A /* Base */,
			);
			name = Main.storyboard;
			sourceTree = "<group>";
		};
		90A738F126BF6D6A00851B2A /* LaunchScreen.storyboard */ = {
			isa = PBXVariantGroup;
			children = (
				90A738F226BF6D6A00851B2A /* Base */,
			);
			name = LaunchScreen.storyboard;
			sourceTree = "<group>";
		};
/* End PBXVariantGroup section */

/* Begin XCBuildConfiguration section */
		90A738F526BF6D6A00851B2A /* Debug */ = {
			isa = XCBuildConfiguration;
			buildSettings = {
				ALWAYS_SEARCH_USER_PATHS = NO;
				CLANG_ANALYZER_NONNULL = YES;
				CLANG_ANALYZER_NUMBER_OBJECT_CONVERSION = YES_AGGRESSIVE;
				CLANG_CXX_LANGUAGE_STANDARD = "gnu++14";
				CLANG_CXX_LIBRARY = "libc++";
				CLANG_ENABLE_MODULES = YES;
				CLANG_ENABLE_OBJC_ARC = YES;
				CLANG_ENABLE_OBJC_WEAK = YES;
				CLANG_WARN_BLOCK_CAPTURE_AUTORELEASING = YES;
				CLANG_WARN_BOOL_CONVERSION = YES;
				CLANG_WARN_COMMA = YES;
				CLANG_WARN_CONSTANT_CONVERSION = YES;
				CLANG_WARN_DEPRECATED_OBJC_IMPLEMENTATIONS = YES;
				CLANG_WARN_DIRECT_OBJC_ISA_USAGE = YES_ERROR;
				CLANG_WARN_DOCUMENTATION_COMMENTS = YES;
				CLANG_WARN_EMPTY_BODY = YES;
				CLANG_WARN_ENUM_CONVERSION = YES;
				CLANG_WARN_INFINITE_RECURSION = YES;
				CLANG_WARN_INT_CONVERSION = YES;
				CLANG_WARN_NON_LITERAL_NULL_CONVERSION = YES;
				CLANG_WARN_OBJC_IMPLICIT_RETAIN_SELF = YES;
				CLANG_WARN_OBJC_LITERAL_CONVERSION = YES;
				CLANG_WARN_OBJC_ROOT_CLASS = YES_ERROR;
				CLANG_WARN_QUOTED_INCLUDE_IN_FRAMEWORK_HEADER = YES;
				CLANG_WARN_RANGE_LOOP_ANALYSIS = YES;
				CLANG_WARN_STRICT_PROTOTYPES = YES;
				CLANG_WARN_SUSPICIOUS_MOVE = YES;
				CLANG_WARN_UNGUARDED_AVAILABILITY = YES_AGGRESSIVE;
				CLANG_WARN_UNREACHABLE_CODE = YES;
				CLANG_WARN__DUPLICATE_METHOD_MATCH = YES;
				COPY_PHASE_STRIP = NO;
				DEBUG_INFORMATION_FORMAT = dwarf;
				ENABLE_STRICT_OBJC_MSGSEND = YES;
				ENABLE_TESTABILITY = YES;
				GCC_C_LANGUAGE_STANDARD = gnu11;
				GCC_DYNAMIC_NO_PIC = NO;
				GCC_NO_COMMON_BLOCKS = YES;
				GCC_OPTIMIZATION_LEVEL = 0;
				GCC_PREPROCESSOR_DEFINITIONS = (
					"DEBUG=1",
					"$(inherited)",
				);
				GCC_WARN_64_TO_32_BIT_CONVERSION = YES;
				GCC_WARN_ABOUT_RETURN_TYPE = YES_ERROR;
				GCC_WARN_UNDECLARED_SELECTOR = YES;
				GCC_WARN_UNINITIALIZED_AUTOS = YES_AGGRESSIVE;
				GCC_WARN_UNUSED_FUNCTION = YES;
				GCC_WARN_UNUSED_VARIABLE = YES;
				IPHONEOS_DEPLOYMENT_TARGET = 14.5;
				MTL_ENABLE_DEBUG_INFO = INCLUDE_SOURCE;
				MTL_FAST_MATH = YES;
				ONLY_ACTIVE_ARCH = YES;
				SDKROOT = iphoneos;
				SWIFT_ACTIVE_COMPILATION_CONDITIONS = DEBUG;
				SWIFT_OPTIMIZATION_LEVEL = "-Onone";
			};
			name = Debug;
		};
		90A738F626BF6D6A00851B2A /* Release */ = {
			isa = XCBuildConfiguration;
			buildSettings = {
				ALWAYS_SEARCH_USER_PATHS = NO;
				CLANG_ANALYZER_NONNULL = YES;
				CLANG_ANALYZER_NUMBER_OBJECT_CONVERSION = YES_AGGRESSIVE;
				CLANG_CXX_LANGUAGE_STANDARD = "gnu++14";
				CLANG_CXX_LIBRARY = "libc++";
				CLANG_ENABLE_MODULES = YES;
				CLANG_ENABLE_OBJC_ARC = YES;
				CLANG_ENABLE_OBJC_WEAK = YES;
				CLANG_WARN_BLOCK_CAPTURE_AUTORELEASING = YES;
				CLANG_WARN_BOOL_CONVERSION = YES;
				CLANG_WARN_COMMA = YES;
				CLANG_WARN_CONSTANT_CONVERSION = YES;
				CLANG_WARN_DEPRECATED_OBJC_IMPLEMENTATIONS = YES;
				CLANG_WARN_DIRECT_OBJC_ISA_USAGE = YES_ERROR;
				CLANG_WARN_DOCUMENTATION_COMMENTS = YES;
				CLANG_WARN_EMPTY_BODY = YES;
				CLANG_WARN_ENUM_CONVERSION = YES;
				CLANG_WARN_INFINITE_RECURSION = YES;
				CLANG_WARN_INT_CONVERSION = YES;
				CLANG_WARN_NON_LITERAL_NULL_CONVERSION = YES;
				CLANG_WARN_OBJC_IMPLICIT_RETAIN_SELF = YES;
				CLANG_WARN_OBJC_LITERAL_CONVERSION = YES;
				CLANG_WARN_OBJC_ROOT_CLASS = YES_ERROR;
				CLANG_WARN_QUOTED_INCLUDE_IN_FRAMEWORK_HEADER = YES;
				CLANG_WARN_RANGE_LOOP_ANALYSIS = YES;
				CLANG_WARN_STRICT_PROTOTYPES = YES;
				CLANG_WARN_SUSPICIOUS_MOVE = YES;
				CLANG_WARN_UNGUARDED_AVAILABILITY = YES_AGGRESSIVE;
				CLANG_WARN_UNREACHABLE_CODE = YES;
				CLANG_WARN__DUPLICATE_METHOD_MATCH = YES;
				COPY_PHASE_STRIP = NO;
				DEBUG_INFORMATION_FORMAT = "dwarf-with-dsym";
				ENABLE_NS_ASSERTIONS = NO;
				ENABLE_STRICT_OBJC_MSGSEND = YES;
				GCC_C_LANGUAGE_STANDARD = gnu11;
				GCC_NO_COMMON_BLOCKS = YES;
				GCC_WARN_64_TO_32_BIT_CONVERSION = YES;
				GCC_WARN_ABOUT_RETURN_TYPE = YES_ERROR;
				GCC_WARN_UNDECLARED_SELECTOR = YES;
				GCC_WARN_UNINITIALIZED_AUTOS = YES_AGGRESSIVE;
				GCC_WARN_UNUSED_FUNCTION = YES;
				GCC_WARN_UNUSED_VARIABLE = YES;
				IPHONEOS_DEPLOYMENT_TARGET = 14.5;
				MTL_ENABLE_DEBUG_INFO = NO;
				MTL_FAST_MATH = YES;
				SDKROOT = iphoneos;
				SWIFT_COMPILATION_MODE = wholemodule;
				SWIFT_OPTIMIZATION_LEVEL = "-O";
				VALIDATE_PRODUCT = YES;
			};
			name = Release;
		};
		90A738F826BF6D6A00851B2A /* Debug */ = {
			isa = XCBuildConfiguration;
			buildSettings = {
				ASSETCATALOG_COMPILER_APPICON_NAME = AppIcon;
				ASSETCATALOG_COMPILER_GLOBAL_ACCENT_COLOR_NAME = AccentColor;
				CODE_SIGN_STYLE = Automatic;
				DEVELOPMENT_TEAM = UM9T2U24VQ;
				INFOPLIST_FILE = HMDynamicCollectionViewHeightSample/Info.plist;
				LD_RUNPATH_SEARCH_PATHS = (
					"$(inherited)",
					"@executable_path/Frameworks",
				);
				PRODUCT_BUNDLE_IDENTIFIER = com.hm.HMDynamicCollectionViewHeightSample;
				PRODUCT_NAME = "$(TARGET_NAME)";
				SWIFT_VERSION = 5.0;
				TARGETED_DEVICE_FAMILY = "1,2";
			};
			name = Debug;
		};
		90A738F926BF6D6A00851B2A /* Release */ = {
			isa = XCBuildConfiguration;
			buildSettings = {
				ASSETCATALOG_COMPILER_APPICON_NAME = AppIcon;
				ASSETCATALOG_COMPILER_GLOBAL_ACCENT_COLOR_NAME = AccentColor;
				CODE_SIGN_STYLE = Automatic;
				DEVELOPMENT_TEAM = UM9T2U24VQ;
				INFOPLIST_FILE = HMDynamicCollectionViewHeightSample/Info.plist;
				LD_RUNPATH_SEARCH_PATHS = (
					"$(inherited)",
					"@executable_path/Frameworks",
				);
				PRODUCT_BUNDLE_IDENTIFIER = com.hm.HMDynamicCollectionViewHeightSample;
				PRODUCT_NAME = "$(TARGET_NAME)";
				SWIFT_VERSION = 5.0;
				TARGETED_DEVICE_FAMILY = "1,2";
			};
			name = Release;
		};
/* End XCBuildConfiguration section */

/* Begin XCConfigurationList section */
		90A738DE26BF6D6900851B2A /* Build configuration list for PBXProject "HMDynamicCollectionViewHeightSample" */ = {
			isa = XCConfigurationList;
			buildConfigurations = (
				90A738F526BF6D6A00851B2A /* Debug */,
				90A738F626BF6D6A00851B2A /* Release */,
			);
			defaultConfigurationIsVisible = 0;
			defaultConfigurationName = Release;
		};
		90A738F726BF6D6A00851B2A /* Build configuration list for PBXNativeTarget "HMDynamicCollectionViewHeightSample" */ = {
			isa = XCConfigurationList;
			buildConfigurations = (
				90A738F826BF6D6A00851B2A /* Debug */,
				90A738F926BF6D6A00851B2A /* Release */,
			);
			defaultConfigurationIsVisible = 0;
			defaultConfigurationName = Release;
		};
/* End XCConfigurationList section */

/* Begin XCRemoteSwiftPackageReference section */
		90A738FD26BF73EF00851B2A /* XCRemoteSwiftPackageReference "SnapKit" */ = {
			isa = XCRemoteSwiftPackageReference;
			repositoryURL = "https://github.com/SnapKit/SnapKit.git";
			requirement = {
				kind = upToNextMinorVersion;
				minimumVersion = 5.0.1;
			};
		};
/* End XCRemoteSwiftPackageReference section */

/* Begin XCSwiftPackageProductDependency section */
		90A738FE26BF73EF00851B2A /* SnapKit */ = {
			isa = XCSwiftPackageProductDependency;
			package = 90A738FD26BF73EF00851B2A /* XCRemoteSwiftPackageReference "SnapKit" */;
			productName = SnapKit;
		};
/* End XCSwiftPackageProductDependency section */
	};
	rootObject = 90A738DB26BF6D6900851B2A /* Project object */;
}
